Microsoft Visual Studio Solution File, Format Version 12.00
# Visual Studio Version 17
VisualStudioVersion = 17.11.35208.52
MinimumVisualStudioVersion = 10.0.40219.1
Project("{FAE04EC0-301F-11D3-BF4B-00C04F79EFBC}") = "Jabba.ChatService", "Jabba.ChatService\Jabba.ChatService.csproj", "{F4BA113B-2069-454D-B80B-6682B9BD62C2}"
EndProject
Project("{FAE04EC0-301F-11D3-BF4B-00C04F79EFBC}") = "Jabba.ChatApp", "Jabba.ChatApp\Jabba.ChatApp.csproj", "{D8FF2192-B316-4FE2-B635-72EA97950375}"
EndProject
Global
	GlobalSection(SolutionConfigurationPlatforms) = preSolution
		Debug|Any CPU = Debug|Any CPU
		Release|Any CPU = Release|Any CPU
	EndGlobalSection
	GlobalSection(ProjectConfigurationPlatforms) = postSolution
		{F4BA113B-2069-454D-B80B-6682B9BD62C2}.Debug|Any CPU.ActiveCfg = Debug|Any CPU
		{F4BA113B-2069-454D-B80B-6682B9BD62C2}.Debug|Any CPU.Build.0 = Debug|Any CPU
		{F4BA113B-2069-454D-B80B-6682B9BD62C2}.Release|Any CPU.ActiveCfg = Release|Any CPU
		{F4BA113B-2069-454D-B80B-6682B9BD62C2}.Release|Any CPU.Build.0 = Release|Any CPU
		{D8FF2192-B316-4FE2-B635-72EA97950375}.Debug|Any CPU.ActiveCfg = Debug|Any CPU
		{D8FF2192-B316-4FE2-B635-72EA97950375}.Debug|Any CPU.Build.0 = Debug|Any CPU
		{D8FF2192-B316-4FE2-B635-72EA97950375}.Release|Any CPU.ActiveCfg = Release|Any CPU
		{D8FF2192-B316-4FE2-B635-72EA97950375}.Release|Any CPU.Build.0 = Release|Any CPU
	EndGlobalSection
	GlobalSection(SolutionProperties) = preSolution
		HideSolutionNode = FALSE
	EndGlobalSection
	GlobalSection(ExtensibilityGlobals) = postSolution
		SolutionGuid = {FE66CF51-579C-494D-8A31-3A42F34CD632}
	EndGlobalSection
EndGlobal
